
Microsoft Visual Studio Solution File, Format Version 12.00
# Visual Studio Version 17
VisualStudioVersion = 17.8.34511.84
MinimumVisualStudioVersion = 10.0.40219.1
Project("{9A19103F-16F7-4668-BE54-9A1E7A4F7556}") = "WinForms", "WinForms\WinForms.csproj", "{4EA274F0-BB80-422E-B846-49CA5C8D14CE}"
EndProject
Project("{9A19103F-16F7-4668-BE54-9A1E7A4F7556}") = "DAL", "DAL\DAL.csproj", "{5363CC42-7137-4094-A0C3-2CEB4040EFA5}"
EndProject
Project("{9A19103F-16F7-4668-BE54-9A1E7A4F7556}") = "WPF", "WPF\WPF.csproj", "{D8AC996A-27DF-4CF7-AE4C-B86D9A68527A}"
EndProject
Global
	GlobalSection(SolutionConfigurationPlatforms) = preSolution
		Debug|Any CPU = Debug|Any CPU
		Release|Any CPU = Release|Any CPU
	EndGlobalSection
	GlobalSection(ProjectConfigurationPlatforms) = postSolution
		{4EA274F0-BB80-422E-B846-49CA5C8D14CE}.Debug|Any CPU.ActiveCfg = Debug|Any CPU
		{4EA274F0-BB80-422E-B846-49CA5C8D14CE}.Debug|Any CPU.Build.0 = Debug|Any CPU
		{4EA274F0-BB80-422E-B846-49CA5C8D14CE}.Release|Any CPU.ActiveCfg = Release|Any CPU
		{4EA274F0-BB80-422E-B846-49CA5C8D14CE}.Release|Any CPU.Build.0 = Release|Any CPU
		{5363CC42-7137-4094-A0C3-2CEB4040EFA5}.Debug|Any CPU.ActiveCfg = Debug|Any CPU
		{5363CC42-7137-4094-A0C3-2CEB4040EFA5}.Debug|Any CPU.Build.0 = Debug|Any CPU
		{5363CC42-7137-4094-A0C3-2CEB4040EFA5}.Release|Any CPU.ActiveCfg = Release|Any CPU
		{5363CC42-7137-4094-A0C3-2CEB4040EFA5}.Release|Any CPU.Build.0 = Release|Any CPU
		{D8AC996A-27DF-4CF7-AE4C-B86D9A68527A}.Debug|Any CPU.ActiveCfg = Debug|Any CPU
		{D8AC996A-27DF-4CF7-AE4C-B86D9A68527A}.Debug|Any CPU.Build.0 = Debug|Any CPU
		{D8AC996A-27DF-4CF7-AE4C-B86D9A68527A}.Release|Any CPU.ActiveCfg = Release|Any CPU
		{D8AC996A-27DF-4CF7-AE4C-B86D9A68527A}.Release|Any CPU.Build.0 = Release|Any CPU
	EndGlobalSection
	GlobalSection(SolutionProperties) = preSolution
		HideSolutionNode = FALSE
	EndGlobalSection
	GlobalSection(ExtensibilityGlobals) = postSolution
		SolutionGuid = {A1650372-E33D-460C-86B2-3D3DFA1B6C53}
	EndGlobalSection
EndGlobal
